// !$*UTF8*$!
{
	archiveVersion = 1;
	classes = {
	};
	objectVersion = 50;
	objects = {

/* Begin PBXBuildFile section */
		2F69A23D2255B42300AB4872 /* UpdateCountryViewController.swift in Sources */ = {isa = PBXBuildFile; fileRef = 2F69A23C2255B42300AB4872 /* UpdateCountryViewController.swift */; };
		413BFEF62123469500F4D18E /* AppDelegate.swift in Sources */ = {isa = PBXBuildFile; fileRef = 413BFEF52123469500F4D18E /* AppDelegate.swift */; };
		413BFEF82123469500F4D18E /* ViewController.swift in Sources */ = {isa = PBXBuildFile; fileRef = 413BFEF72123469500F4D18E /* ViewController.swift */; };
		413BFEFB2123469500F4D18E /* Main.storyboard in Resources */ = {isa = PBXBuildFile; fileRef = 413BFEF92123469500F4D18E /* Main.storyboard */; };
		413BFEFE2123469500F4D18E /* FRCDemo.xcdatamodeld in Sources */ = {isa = PBXBuildFile; fileRef = 413BFEFC2123469500F4D18E /* FRCDemo.xcdatamodeld */; };
		413BFF002123469600F4D18E /* Assets.xcassets in Resources */ = {isa = PBXBuildFile; fileRef = 413BFEFF2123469600F4D18E /* Assets.xcassets */; };
		413BFF032123469600F4D18E /* LaunchScreen.storyboard in Resources */ = {isa = PBXBuildFile; fileRef = 413BFF012123469600F4D18E /* LaunchScreen.storyboard */; };
		413BFF0B2123475700F4D18E /* DataManager.swift in Sources */ = {isa = PBXBuildFile; fileRef = 413BFF0A2123475700F4D18E /* DataManager.swift */; };
		413BFF0D2123488400F4D18E /* AddCountryViewController.swift in Sources */ = {isa = PBXBuildFile; fileRef = 413BFF0C2123488400F4D18E /* AddCountryViewController.swift */; };
/* End PBXBuildFile section */

/* Begin PBXFileReference section */
		2F69A23C2255B42300AB4872 /* UpdateCountryViewController.swift */ = {isa = PBXFileReference; lastKnownFileType = sourcecode.swift; path = UpdateCountryViewController.swift; sourceTree = "<group>"; };
		413BFEF22123469500F4D18E /* FRCDemo.app */ = {isa = PBXFileReference; explicitFileType = wrapper.application; includeInIndex = 0; path = FRCDemo.app; sourceTree = BUILT_PRODUCTS_DIR; };
		413BFEF52123469500F4D18E /* AppDelegate.swift */ = {isa = PBXFileReference; lastKnownFileType = sourcecode.swift; path = AppDelegate.swift; sourceTree = "<group>"; };
		413BFEF72123469500F4D18E /* ViewController.swift */ = {isa = PBXFileReference; lastKnownFileType = sourcecode.swift; path = ViewController.swift; sourceTree = "<group>"; };
		413BFEFA2123469500F4D18E /* Base */ = {isa = PBXFileReference; lastKnownFileType = file.storyboard; name = Base; path = Base.lproj/Main.storyboard; sourceTree = "<group>"; };
		413BFEFD2123469500F4D18E /* FRCDemo.xcdatamodel */ = {isa = PBXFileReference; lastKnownFileType = wrapper.xcdatamodel; path = FRCDemo.xcdatamodel; sourceTree = "<group>"; };
		413BFEFF2123469600F4D18E /* Assets.xcassets */ = {isa = PBXFileReference; lastKnownFileType = folder.assetcatalog; path = Assets.xcassets; sourceTree = "<group>"; };
		413BFF022123469600F4D18E /* Base */ = {isa = PBXFileReference; lastKnownFileType = file.storyboard; name = Base; path = Base.lproj/LaunchScreen.storyboard; sourceTree = "<group>"; };
		413BFF042123469600F4D18E /* Info.plist */ = {isa = PBXFileReference; lastKnownFileType = text.plist.xml; path = Info.plist; sourceTree = "<group>"; };
		413BFF0A2123475700F4D18E /* DataManager.swift */ = {isa = PBXFileReference; lastKnownFileType = sourcecode.swift; path = DataManager.swift; sourceTree = "<group>"; };
		413BFF0C2123488400F4D18E /* AddCountryViewController.swift */ = {isa = PBXFileReference; lastKnownFileType = sourcecode.swift; path = AddCountryViewController.swift; sourceTree = "<group>"; };
/* End PBXFileReference section */

/* Begin PBXFrameworksBuildPhase section */
		413BFEEF2123469500F4D18E /* Frameworks */ = {
			isa = PBXFrameworksBuildPhase;
			buildActionMask = 2147483647;
			files = (
			);
			runOnlyForDeploymentPostprocessing = 0;
		};
/* End PBXFrameworksBuildPhase section */

/* Begin PBXGroup section */
		413BFEE92123469500F4D18E = {
			isa = PBXGroup;
			children = (
				413BFEF42123469500F4D18E /* FRCDemo */,
				413BFEF32123469500F4D18E /* Products */,
			);
			sourceTree = "<group>";
		};
		413BFEF32123469500F4D18E /* Products */ = {
			isa = PBXGroup;
			children = (
				413BFEF22123469500F4D18E /* FRCDemo.app */,
			);
			name = Products;
			sourceTree = "<group>";
		};
		413BFEF42123469500F4D18E /* FRCDemo */ = {
			isa = PBXGroup;
			children = (
				413BFEF52123469500F4D18E /* AppDelegate.swift */,
				413BFEF72123469500F4D18E /* ViewController.swift */,
				413BFF0A2123475700F4D18E /* DataManager.swift */,
				413BFEF92123469500F4D18E /* Main.storyboard */,
				2F69A23C2255B42300AB4872 /* UpdateCountryViewController.swift */,
				413BFF0C2123488400F4D18E /* AddCountryViewController.swift */,
				413BFEFF2123469600F4D18E /* Assets.xcassets */,
				413BFF012123469600F4D18E /* LaunchScreen.storyboard */,
				413BFF042123469600F4D18E /* Info.plist */,
				413BFEFC2123469500F4D18E /* FRCDemo.xcdatamodeld */,
			);
			path = FRCDemo;
			sourceTree = "<group>";
		};
/* End PBXGroup section */

/* Begin PBXNativeTarget section */
		413BFEF12123469500F4D18E /* FRCDemo */ = {
			isa = PBXNativeTarget;
			buildConfigurationList = 413BFF072123469600F4D18E /* Build configuration list for PBXNativeTarget "FRCDemo" */;
			buildPhases = (
				413BFEEE2123469500F4D18E /* Sources */,
				413BFEEF2123469500F4D18E /* Frameworks */,
				413BFEF02123469500F4D18E /* Resources */,
			);
			buildRules = (
			);
			dependencies = (
			);
			name = FRCDemo;
			productName = FRCDemo;
			productReference = 413BFEF22123469500F4D18E /* FRCDemo.app */;
			productType = "com.apple.product-type.application";
		};
/* End PBXNativeTarget section */

/* Begin PBXProject section */
		413BFEEA2123469500F4D18E /* Project object */ = {
			isa = PBXProject;
			attributes = {
				LastSwiftUpdateCheck = 0940;
				LastUpgradeCheck = 0940;
				ORGANIZATIONNAME = "@mit";
				TargetAttributes = {
					413BFEF12123469500F4D18E = {
						CreatedOnToolsVersion = 9.4.1;
					};
				};
			};
			buildConfigurationList = 413BFEED2123469500F4D18E /* Build configuration list for PBXProject "FRCDemo" */;
			compatibilityVersion = "Xcode 9.3";
			developmentRegion = en;
			hasScannedForEncodings = 0;
			knownRegions = (
				en,
				Base,
			);
			mainGroup = 413BFEE92123469500F4D18E;
			productRefGroup = 413BFEF32123469500F4D18E /* Products */;
			projectDirPath = "";
			projectRoot = "";
			targets = (
				413BFEF12123469500F4D18E /* FRCDemo */,
			);
		};
/* End PBXProject section */

/* Begin PBXResourcesBuildPhase section */
		413BFEF02123469500F4D18E /* Resources */ = {
			isa = PBXResourcesBuildPhase;
			buildActionMask = 2147483647;
			files = (
				413BFF032123469600F4D18E /* LaunchScreen.storyboard in Resources */,
				413BFF002123469600F4D18E /* Assets.xcassets in Resources */,
				413BFEFB2123469500F4D18E /* Main.storyboard in Resources */,
			);
			runOnlyForDeploymentPostprocessing = 0;
		};
/* End PBXResourcesBuildPhase section */

/* Begin PBXSourcesBuildPhase section */
		413BFEEE2123469500F4D18E /* Sources */ = {
			isa = PBXSourcesBuildPhase;
			buildActionMask = 2147483647;
			files = (
				413BFEF82123469500F4D18E /* ViewController.swift in Sources */,
				413BFF0D2123488400F4D18E /* AddCountryViewController.swift in Sources */,
				2F69A23D2255B42300AB4872 /* UpdateCountryViewController.swift in Sources */,
				413BFF0B2123475700F4D18E /* DataManager.swift in Sources */,
				413BFEF62123469500F4D18E /* AppDelegate.swift in Sources */,
				413BFEFE2123469500F4D18E /* FRCDemo.xcdatamodeld in Sources */,
			);
			runOnlyForDeploymentPostprocessing = 0;
		};
/* End PBXSourcesBuildPhase section */

/* Begin PBXVariantGroup section */
		413BFEF92123469500F4D18E /* Main.storyboard */ = {
			isa = PBXVariantGroup;
			children = (
				413BFEFA2123469500F4D18E /* Base */,
			);
			name = Main.storyboard;
			sourceTree = "<group>";
		};
		413BFF012123469600F4D18E /* LaunchScreen.storyboard */ = {
			isa = PBXVariantGroup;
			children = (
				413BFF022123469600F4D18E /* Base */,
			);
			name = LaunchScreen.storyboard;
			sourceTree = "<group>";
		};
/* End PBXVariantGroup section */

/* Begin XCBuildConfiguration section */
		413BFF052123469600F4D18E /* Debug */ = {
			isa = XCBuildConfiguration;
			buildSettings = {
				ALWAYS_SEARCH_USER_PATHS = NO;
				CLANG_ANALYZER_NONNULL = YES;
				CLANG_ANALYZER_NUMBER_OBJECT_CONVERSION = YES_AGGRESSIVE;
				CLANG_CXX_LANGUAGE_STANDARD = "gnu++14";
				CLANG_CXX_LIBRARY = "libc++";
				CLANG_ENABLE_MODULES = YES;
				CLANG_ENABLE_OBJC_ARC = YES;
				CLANG_ENABLE_OBJC_WEAK = YES;
				CLANG_WARN_BLOCK_CAPTURE_AUTORELEASING = YES;
				CLANG_WARN_BOOL_CONVERSION = YES;
				CLANG_WARN_COMMA = YES;
				CLANG_WARN_CONSTANT_CONVERSION = YES;
				CLANG_WARN_DEPRECATED_OBJC_IMPLEMENTATIONS = YES;
				CLANG_WARN_DIRECT_OBJC_ISA_USAGE = YES_ERROR;
				CLANG_WARN_DOCUMENTATION_COMMENTS = YES;
				CLANG_WARN_EMPTY_BODY = YES;
				CLANG_WARN_ENUM_CONVERSION = YES;
				CLANG_WARN_INFINITE_RECURSION = YES;
				CLANG_WARN_INT_CONVERSION = YES;
				CLANG_WARN_NON_LITERAL_NULL_CONVERSION = YES;
				CLANG_WARN_OBJC_IMPLICIT_RETAIN_SELF = YES;
				CLANG_WARN_OBJC_LITERAL_CONVERSION = YES;
				CLANG_WARN_OBJC_ROOT_CLASS = YES_ERROR;
				CLANG_WARN_RANGE_LOOP_ANALYSIS = YES;
				CLANG_WARN_STRICT_PROTOTYPES = YES;
				CLANG_WARN_SUSPICIOUS_MOVE = YES;
				CLANG_WARN_UNGUARDED_AVAILABILITY = YES_AGGRESSIVE;
				CLANG_WARN_UNREACHABLE_CODE = YES;
				CLANG_WARN__DUPLICATE_METHOD_MATCH = YES;
				CODE_SIGN_IDENTITY = "iPhone Developer";
				COPY_PHASE_STRIP = NO;
				DEBUG_INFORMATION_FORMAT = dwarf;
				ENABLE_STRICT_OBJC_MSGSEND = YES;
				ENABLE_TESTABILITY = YES;
				GCC_C_LANGUAGE_STANDARD = gnu11;
				GCC_DYNAMIC_NO_PIC = NO;
				GCC_NO_COMMON_BLOCKS = YES;
				GCC_OPTIMIZATION_LEVEL = 0;
				GCC_PREPROCESSOR_DEFINITIONS = (
					"DEBUG=1",
					"$(inherited)",
				);
				GCC_WARN_64_TO_32_BIT_CONVERSION = YES;
				GCC_WARN_ABOUT_RETURN_TYPE = YES_ERROR;
				GCC_WARN_UNDECLARED_SELECTOR = YES;
				GCC_WARN_UNINITIALIZED_AUTOS = YES_AGGRESSIVE;
				GCC_WARN_UNUSED_FUNCTION = YES;
				GCC_WARN_UNUSED_VARIABLE = YES;
				IPHONEOS_DEPLOYMENT_TARGET = 11.4;
				MTL_ENABLE_DEBUG_INFO = YES;
				ONLY_ACTIVE_ARCH = YES;
				SDKROOT = iphoneos;
				SWIFT_ACTIVE_COMPILATION_CONDITIONS = DEBUG;
				SWIFT_OPTIMIZATION_LEVEL = "-Onone";
			};
			name = Debug;
		};
		413BFF062123469600F4D18E /* Release */ = {
			isa = XCBuildConfiguration;
			buildSettings = {
				ALWAYS_SEARCH_USER_PATHS = NO;
				CLANG_ANALYZER_NONNULL = YES;
				CLANG_ANALYZER_NUMBER_OBJECT_CONVERSION = YES_AGGRESSIVE;
				CLANG_CXX_LANGUAGE_STANDARD = "gnu++14";
				CLANG_CXX_LIBRARY = "libc++";
				CLANG_ENABLE_MODULES = YES;
				CLANG_ENABLE_OBJC_ARC = YES;
				CLANG_ENABLE_OBJC_WEAK = YES;
				CLANG_WARN_BLOCK_CAPTURE_AUTORELEASING = YES;
				CLANG_WARN_BOOL_CONVERSION = YES;
				CLANG_WARN_COMMA = YES;
				CLANG_WARN_CONSTANT_CONVERSION = YES;
				CLANG_WARN_DEPRECATED_OBJC_IMPLEMENTATIONS = YES;
				CLANG_WARN_DIRECT_OBJC_ISA_USAGE = YES_ERROR;
				CLANG_WARN_DOCUMENTATION_COMMENTS = YES;
				CLANG_WARN_EMPTY_BODY = YES;
				CLANG_WARN_ENUM_CONVERSION = YES;
				CLANG_WARN_INFINITE_RECURSION = YES;
				CLANG_WARN_INT_CONVERSION = YES;
				CLANG_WARN_NON_LITERAL_NULL_CONVERSION = YES;
				CLANG_WARN_OBJC_IMPLICIT_RETAIN_SELF = YES;
				CLANG_WARN_OBJC_LITERAL_CONVERSION = YES;
				CLANG_WARN_OBJC_ROOT_CLASS = YES_ERROR;
				CLANG_WARN_RANGE_LOOP_ANALYSIS = YES;
				CLANG_WARN_STRICT_PROTOTYPES = YES;
				CLANG_WARN_SUSPICIOUS_MOVE = YES;
				CLANG_WARN_UNGUARDED_AVAILABILITY = YES_AGGRESSIVE;
				CLANG_WARN_UNREACHABLE_CODE = YES;
				CLANG_WARN__DUPLICATE_METHOD_MATCH = YES;
				CODE_SIGN_IDENTITY = "iPhone Developer";
				COPY_PHASE_STRIP = NO;
				DEBUG_INFORMATION_FORMAT = "dwarf-with-dsym";
				ENABLE_NS_ASSERTIONS = NO;
				ENABLE_STRICT_OBJC_MSGSEND = YES;
				GCC_C_LANGUAGE_STANDARD = gnu11;
				GCC_NO_COMMON_BLOCKS = YES;
				GCC_WARN_64_TO_32_BIT_CONVERSION = YES;
				GCC_WARN_ABOUT_RETURN_TYPE = YES_ERROR;
				GCC_WARN_UNDECLARED_SELECTOR = YES;
				GCC_WARN_UNINITIALIZED_AUTOS = YES_AGGRESSIVE;
				GCC_WARN_UNUSED_FUNCTION = YES;
				GCC_WARN_UNUSED_VARIABLE = YES;
				IPHONEOS_DEPLOYMENT_TARGET = 11.4;
				MTL_ENABLE_DEBUG_INFO = NO;
				SDKROOT = iphoneos;
				SWIFT_COMPILATION_MODE = wholemodule;
				SWIFT_OPTIMIZATION_LEVEL = "-O";
				VALIDATE_PRODUCT = YES;
			};
			name = Release;
		};
		413BFF082123469600F4D18E /* Debug */ = {
			isa = XCBuildConfiguration;
			buildSettings = {
				ASSETCATALOG_COMPILER_APPICON_NAME = AppIcon;
				CODE_SIGN_STYLE = Automatic;
				INFOPLIST_FILE = FRCDemo/Info.plist;
				LD_RUNPATH_SEARCH_PATHS = (
					"$(inherited)",
					"@executable_path/Frameworks",
				);
				PRODUCT_BUNDLE_IDENTIFIER = "com.-mit.FRCDemo";
				PRODUCT_NAME = "$(TARGET_NAME)";
				SWIFT_VERSION = 4.0;
				TARGETED_DEVICE_FAMILY = "1,2";
			};
			name = Debug;
		};
		413BFF092123469600F4D18E /* Release */ = {
			isa = XCBuildConfiguration;
			buildSettings = {
				ASSETCATALOG_COMPILER_APPICON_NAME = AppIcon;
				CODE_SIGN_STYLE = Automatic;
				INFOPLIST_FILE = FRCDemo/Info.plist;
				LD_RUNPATH_SEARCH_PATHS = (
					"$(inherited)",
					"@executable_path/Frameworks",
				);
				PRODUCT_BUNDLE_IDENTIFIER = "com.-mit.FRCDemo";
				PRODUCT_NAME = "$(TARGET_NAME)";
				SWIFT_VERSION = 4.0;
				TARGETED_DEVICE_FAMILY = "1,2";
			};
			name = Release;
		};
/* End XCBuildConfiguration section */

/* Begin XCConfigurationList section */
		413BFEED2123469500F4D18E /* Build configuration list for PBXProject "FRCDemo" */ = {
			isa = XCConfigurationList;
			buildConfigurations = (
				413BFF052123469600F4D18E /* Debug */,
				413BFF062123469600F4D18E /* Release */,
			);
			defaultConfigurationIsVisible = 0;
			defaultConfigurationName = Release;
		};
		413BFF072123469600F4D18E /* Build configuration list for PBXNativeTarget "FRCDemo" */ = {
			isa = XCConfigurationList;
			buildConfigurations = (
				413BFF082123469600F4D18E /* Debug */,
				413BFF092123469600F4D18E /* Release */,
			);
			defaultConfigurationIsVisible = 0;
			defaultConfigurationName = Release;
		};
/* End XCConfigurationList section */

/* Begin XCVersionGroup section */
		413BFEFC2123469500F4D18E /* FRCDemo.xcdatamodeld */ = {
			isa = XCVersionGroup;
			children = (
				413BFEFD2123469500F4D18E /* FRCDemo.xcdatamodel */,
			);
			currentVersion = 413BFEFD2123469500F4D18E /* FRCDemo.xcdatamodel */;
			path = FRCDemo.xcdatamodeld;
			sourceTree = "<group>";
			versionGroupType = wrapper.xcdatamodel;
		};
/* End XCVersionGroup section */
	};
	rootObject = 413BFEEA2123469500F4D18E /* Project object */;
}
